
Microsoft Visual Studio Solution File, Format Version 12.00
# Visual Studio Version 16
VisualStudioVersion = 16.0.30621.155
MinimumVisualStudioVersion = 10.0.40219.1
Project("{FAE04EC0-301F-11D3-BF4B-00C04F79EFBC}") = "Hangman", "Hangman\Hangman.csproj", "{79853D3C-F663-44E7-A01E-FEED263F5EAF}"
EndProject
Global
	GlobalSection(SolutionConfigurationPlatforms) = preSolution
		Debug|Any CPU = Debug|Any CPU
		Release|Any CPU = Release|Any CPU
	EndGlobalSection
	GlobalSection(ProjectConfigurationPlatforms) = postSolution
		{79853D3C-F663-44E7-A01E-FEED263F5EAF}.Debug|Any CPU.ActiveCfg = Debug|Any CPU
		{79853D3C-F663-44E7-A01E-FEED263F5EAF}.Debug|Any CPU.Build.0 = Debug|Any CPU
		{79853D3C-F663-44E7-A01E-FEED263F5EAF}.Release|Any CPU.ActiveCfg = Release|Any CPU
		{79853D3C-F663-44E7-A01E-FEED263F5EAF}.Release|Any CPU.Build.0 = Release|Any CPU
	EndGlobalSection
	GlobalSection(SolutionProperties) = preSolution
		HideSolutionNode = FALSE
	EndGlobalSection
	GlobalSection(ExtensibilityGlobals) = postSolution
		SolutionGuid = {1E360AC6-5A2E-41EF-8A59-94D3A3809A77}
	EndGlobalSection
EndGlobal
